
Microsoft Visual Studio Solution File, Format Version 12.00
# Visual Studio Version 16
VisualStudioVersion = 16.0.30104.148
MinimumVisualStudioVersion = 10.0.40219.1
Project("{FAE04EC0-301F-11D3-BF4B-00C04F79EFBC}") = "ConsoleApp1", "ConsoleApp1\ConsoleApp1.csproj", "{0DEEA1FF-7DEC-4DA0-A741-D4D7FF2E308D}"
EndProject
Global
	GlobalSection(SolutionConfigurationPlatforms) = preSolution
		Debug|Any CPU = Debug|Any CPU
		Release|Any CPU = Release|Any CPU
	EndGlobalSection
	GlobalSection(ProjectConfigurationPlatforms) = postSolution
		{0DEEA1FF-7DEC-4DA0-A741-D4D7FF2E308D}.Debug|Any CPU.ActiveCfg = Debug|Any CPU
		{0DEEA1FF-7DEC-4DA0-A741-D4D7FF2E308D}.Debug|Any CPU.Build.0 = Debug|Any CPU
		{0DEEA1FF-7DEC-4DA0-A741-D4D7FF2E308D}.Release|Any CPU.ActiveCfg = Release|Any CPU
		{0DEEA1FF-7DEC-4DA0-A741-D4D7FF2E308D}.Release|Any CPU.Build.0 = Release|Any CPU
	EndGlobalSection
	GlobalSection(SolutionProperties) = preSolution
		HideSolutionNode = FALSE
	EndGlobalSection
	GlobalSection(ExtensibilityGlobals) = postSolution
		SolutionGuid = {A1761F07-B868-4D30-86CC-86988F2B81B6}
	EndGlobalSection
EndGlobal
